// !$*UTF8*$!
{
	archiveVersion = 1;
	classes = {
	};
	objectVersion = 45;
	objects = {

/* Begin PBXBuildFile section */
		04E0BE5A11E56C1900CB855F /* TestWatcher.m in Sources */ = {isa = PBXBuildFile; fileRef = 04E0BE5911E56C1900CB855F /* TestWatcher.m */; };
		04E0BE7111E56DD800CB855F /* Foundation.framework in Frameworks */ = {isa = PBXBuildFile; fileRef = 04E0BE7011E56DD800CB855F /* Foundation.framework */; };
		8DD76F870486A9BA00D96B5E /* Watcher.m in Sources */ = {isa = PBXBuildFile; fileRef = 08FB7796FE84155DC02AAC07 /* Watcher.m */; settings = {ATTRIBUTES = (); }; };
		8DD76F890486A9BA00D96B5E /* CoreServices.framework in Frameworks */ = {isa = PBXBuildFile; fileRef = 097DBE83FE8419DDC02AAC07 /* CoreServices.framework */; };
		8DD76F8C0486A9BA00D96B5E /* Watcher.1 in CopyFiles */ = {isa = PBXBuildFile; fileRef = C6859E9D0290929804C91782 /* Watcher.1 */; };
/* End PBXBuildFile section */

/* Begin PBXContainerItemProxy section */
		04E0BE4511E56AD500CB855F /* PBXContainerItemProxy */ = {
			isa = PBXContainerItemProxy;
			containerPortal = 08FB7793FE84155DC02AAC07 /* Project object */;
			proxyType = 1;
			remoteGlobalIDString = 8DD76F840486A9BA00D96B5E /* Watcher */;
			remoteInfo = Watcher;
		};
/* End PBXContainerItemProxy section */

/* Begin PBXCopyFilesBuildPhase section */
		8DD76F8B0486A9BA00D96B5E /* CopyFiles */ = {
			isa = PBXCopyFilesBuildPhase;
			buildActionMask = 8;
			dstPath = /usr/share/man/man1/;
			dstSubfolderSpec = 0;
			files = (
				8DD76F8C0486A9BA00D96B5E /* Watcher.1 in CopyFiles */,
			);
			runOnlyForDeploymentPostprocessing = 1;
		};
/* End PBXCopyFilesBuildPhase section */

/* Begin PBXFileReference section */
		04E0BE3C11E569D600CB855F /* TestWatcher.octest */ = {isa = PBXFileReference; explicitFileType = wrapper.cfbundle; includeInIndex = 0; path = TestWatcher.octest; sourceTree = BUILT_PRODUCTS_DIR; };
		04E0BE3D11E569D600CB855F /* TestWatcher-Info.plist */ = {isa = PBXFileReference; lastKnownFileType = text.plist.xml; path = "TestWatcher-Info.plist"; sourceTree = "<group>"; };
		04E0BE5811E56C1900CB855F /* TestWatcher.h */ = {isa = PBXFileReference; fileEncoding = 4; lastKnownFileType = sourcecode.c.h; path = TestWatcher.h; sourceTree = "<group>"; };
		04E0BE5911E56C1900CB855F /* TestWatcher.m */ = {isa = PBXFileReference; fileEncoding = 4; lastKnownFileType = sourcecode.c.objc; path = TestWatcher.m; sourceTree = "<group>"; };
		04E0BE7011E56DD800CB855F /* Foundation.framework */ = {isa = PBXFileReference; lastKnownFileType = wrapper.framework; name = Foundation.framework; path = System/Library/Frameworks/Foundation.framework; sourceTree = SDKROOT; };
		04E0BE8111E56E8300CB855F /* Watcher.h */ = {isa = PBXFileReference; fileEncoding = 4; lastKnownFileType = sourcecode.c.h; path = Watcher.h; sourceTree = "<group>"; };
		08FB7796FE84155DC02AAC07 /* Watcher.m */ = {isa = PBXFileReference; fileEncoding = 4; lastKnownFileType = sourcecode.c.objc; path = Watcher.m; sourceTree = "<group>"; };
		097DBE83FE8419DDC02AAC07 /* CoreServices.framework */ = {isa = PBXFileReference; lastKnownFileType = wrapper.framework; name = CoreServices.framework; path = /System/Library/Frameworks/CoreServices.framework; sourceTree = "<absolute>"; };
		8DD76F8E0486A9BA00D96B5E /* Watcher */ = {isa = PBXFileReference; explicitFileType = "compiled.mach-o.executable"; includeInIndex = 0; path = Watcher; sourceTree = BUILT_PRODUCTS_DIR; };
		C6859E9D0290929804C91782 /* Watcher.1 */ = {isa = PBXFileReference; lastKnownFileType = text.man; path = Watcher.1; sourceTree = "<group>"; };
/* End PBXFileReference section */

/* Begin PBXFrameworksBuildPhase section */
		04E0BE3911E569D600CB855F /* Frameworks */ = {
			isa = PBXFrameworksBuildPhase;
			buildActionMask = 2147483647;
			files = (
			);
			runOnlyForDeploymentPostprocessing = 0;
		};
		8DD76F880486A9BA00D96B5E /* Frameworks */ = {
			isa = PBXFrameworksBuildPhase;
			buildActionMask = 2147483647;
			files = (
				8DD76F890486A9BA00D96B5E /* CoreServices.framework in Frameworks */,
				04E0BE7111E56DD800CB855F /* Foundation.framework in Frameworks */,
			);
			runOnlyForDeploymentPostprocessing = 0;
		};
/* End PBXFrameworksBuildPhase section */

/* Begin PBXGroup section */
		08FB7794FE84155DC02AAC07 /* Watcher */ = {
			isa = PBXGroup;
			children = (
				08FB7795FE84155DC02AAC07 /* Source */,
				C6859E9C0290928B04C91782 /* Documentation */,
				08FB779DFE84155DC02AAC07 /* External Frameworks and Libraries */,
				1A8B4A8EFE9D542A11CA2CBB /* Products */,
				04E0BE3D11E569D600CB855F /* TestWatcher-Info.plist */,
			);
			name = Watcher;
			sourceTree = "<group>";
		};
		08FB7795FE84155DC02AAC07 /* Source */ = {
			isa = PBXGroup;
			children = (
				04E0BE8111E56E8300CB855F /* Watcher.h */,
				08FB7796FE84155DC02AAC07 /* Watcher.m */,
				04E0BE5811E56C1900CB855F /* TestWatcher.h */,
				04E0BE5911E56C1900CB855F /* TestWatcher.m */,
			);
			name = Source;
			sourceTree = "<group>";
		};
		08FB779DFE84155DC02AAC07 /* External Frameworks and Libraries */ = {
			isa = PBXGroup;
			children = (
				097DBE83FE8419DDC02AAC07 /* CoreServices.framework */,
				04E0BE7011E56DD800CB855F /* Foundation.framework */,
			);
			name = "External Frameworks and Libraries";
			sourceTree = "<group>";
		};
		1A8B4A8EFE9D542A11CA2CBB /* Products */ = {
			isa = PBXGroup;
			children = (
				8DD76F8E0486A9BA00D96B5E /* Watcher */,
				04E0BE3C11E569D600CB855F /* TestWatcher.octest */,
			);
			name = Products;
			sourceTree = "<group>";
		};
		C6859E9C0290928B04C91782 /* Documentation */ = {
			isa = PBXGroup;
			children = (
				C6859E9D0290929804C91782 /* Watcher.1 */,
			);
			name = Documentation;
			sourceTree = "<group>";
		};
/* End PBXGroup section */

/* Begin PBXNativeTarget section */
		04E0BE3B11E569D600CB855F /* TestWatcher */ = {
			isa = PBXNativeTarget;
			buildConfigurationList = 04E0BE4011E569D600CB855F /* Build configuration list for PBXNativeTarget "TestWatcher" */;
			buildPhases = (
				04E0BE3711E569D600CB855F /* Resources */,
				04E0BE3811E569D600CB855F /* Sources */,
				04E0BE3911E569D600CB855F /* Frameworks */,
				04E0BE3A11E569D600CB855F /* ShellScript */,
			);
			buildRules = (
			);
			dependencies = (
				04E0BE4611E56AD500CB855F /* PBXTargetDependency */,
			);
			name = TestWatcher;
			productName = TestWatcher;
			productReference = 04E0BE3C11E569D600CB855F /* TestWatcher.octest */;
			productType = "com.apple.product-type.bundle";
		};
		8DD76F840486A9BA00D96B5E /* Watcher */ = {
			isa = PBXNativeTarget;
			buildConfigurationList = 1DEB925E08733DCF0010E9CD /* Build configuration list for PBXNativeTarget "Watcher" */;
			buildPhases = (
				8DD76F860486A9BA00D96B5E /* Sources */,
				8DD76F880486A9BA00D96B5E /* Frameworks */,
				8DD76F8B0486A9BA00D96B5E /* CopyFiles */,
			);
			buildRules = (
			);
			dependencies = (
			);
			name = Watcher;
			productInstallPath = "$(HOME)/bin";
			productName = Watcher;
			productReference = 8DD76F8E0486A9BA00D96B5E /* Watcher */;
			productType = "com.apple.product-type.tool";
		};
/* End PBXNativeTarget section */

/* Begin PBXProject section */
		08FB7793FE84155DC02AAC07 /* Project object */ = {
			isa = PBXProject;
			buildConfigurationList = 1DEB926208733DCF0010E9CD /* Build configuration list for PBXProject "Watcher" */;
			compatibilityVersion = "Xcode 3.1";
			hasScannedForEncodings = 1;
			mainGroup = 08FB7794FE84155DC02AAC07 /* Watcher */;
			projectDirPath = "";
			projectRoot = "";
			targets = (
				8DD76F840486A9BA00D96B5E /* Watcher */,
				04E0BE3B11E569D600CB855F /* TestWatcher */,
			);
		};
/* End PBXProject section */

/* Begin PBXResourcesBuildPhase section */
		04E0BE3711E569D600CB855F /* Resources */ = {
			isa = PBXResourcesBuildPhase;
			buildActionMask = 2147483647;
			files = (
			);
			runOnlyForDeploymentPostprocessing = 0;
		};
/* End PBXResourcesBuildPhase section */

/* Begin PBXShellScriptBuildPhase section */
		04E0BE3A11E569D600CB855F /* ShellScript */ = {
			isa = PBXShellScriptBuildPhase;
			buildActionMask = 2147483647;
			files = (
			);
			inputPaths = (
			);
			outputPaths = (
			);
			runOnlyForDeploymentPostprocessing = 0;
			shellPath = /bin/sh;
			shellScript = "# Run the unit tests in this test bundle.\n\"${SYSTEM_DEVELOPER_DIR}/Tools/RunUnitTests\"\n";
		};
/* End PBXShellScriptBuildPhase section */

/* Begin PBXSourcesBuildPhase section */
		04E0BE3811E569D600CB855F /* Sources */ = {
			isa = PBXSourcesBuildPhase;
			buildActionMask = 2147483647;
			files = (
				04E0BE5A11E56C1900CB855F /* TestWatcher.m in Sources */,
			);
			runOnlyForDeploymentPostprocessing = 0;
		};
		8DD76F860486A9BA00D96B5E /* Sources */ = {
			isa = PBXSourcesBuildPhase;
			buildActionMask = 2147483647;
			files = (
				8DD76F870486A9BA00D96B5E /* Watcher.m in Sources */,
			);
			runOnlyForDeploymentPostprocessing = 0;
		};
/* End PBXSourcesBuildPhase section */

/* Begin PBXTargetDependency section */
		04E0BE4611E56AD500CB855F /* PBXTargetDependency */ = {
			isa = PBXTargetDependency;
			target = 8DD76F840486A9BA00D96B5E /* Watcher */;
			targetProxy = 04E0BE4511E56AD500CB855F /* PBXContainerItemProxy */;
		};
/* End PBXTargetDependency section */

/* Begin XCBuildConfiguration section */
		04E0BE3E11E569D600CB855F /* Debug */ = {
			isa = XCBuildConfiguration;
			buildSettings = {
				ALWAYS_SEARCH_USER_PATHS = NO;
				BUNDLE_LOADER = /Users/ketema/Documents/projects/Watcher/build/Debug/Watcher;
				COPY_PHASE_STRIP = NO;
				FRAMEWORK_SEARCH_PATHS = "$(DEVELOPER_LIBRARY_DIR)/Frameworks";
				GCC_DYNAMIC_NO_PIC = NO;
				GCC_ENABLE_FIX_AND_CONTINUE = NO;
				GCC_ENABLE_OBJC_EXCEPTIONS = YES;
				GCC_MODEL_TUNING = G5;
				GCC_OPTIMIZATION_LEVEL = 0;
				GCC_PRECOMPILE_PREFIX_HEADER = YES;
				GCC_PREFIX_HEADER = "$(SYSTEM_LIBRARY_DIR)/Frameworks/Cocoa.framework/Headers/Cocoa.h";
				INFOPLIST_FILE = "TestWatcher-Info.plist";
				INSTALL_PATH = "$(USER_LIBRARY_DIR)/Bundles";
				OTHER_LDFLAGS = (
					"-framework",
					Cocoa,
					"-framework",
					SenTestingKit,
				);
				PREBINDING = NO;
				PRODUCT_NAME = TestWatcher;
				VALID_ARCHS = "i386 x86_64";
				WRAPPER_EXTENSION = octest;
			};
			name = Debug;
		};
		04E0BE3F11E569D600CB855F /* Release */ = {
			isa = XCBuildConfiguration;
			buildSettings = {
				ALWAYS_SEARCH_USER_PATHS = NO;
				COPY_PHASE_STRIP = YES;
				DEBUG_INFORMATION_FORMAT = "dwarf-with-dsym";
				FRAMEWORK_SEARCH_PATHS = "$(DEVELOPER_LIBRARY_DIR)/Frameworks";
				GCC_ENABLE_FIX_AND_CONTINUE = NO;
				GCC_ENABLE_OBJC_EXCEPTIONS = YES;
				GCC_MODEL_TUNING = G5;
				GCC_PRECOMPILE_PREFIX_HEADER = YES;
				GCC_PREFIX_HEADER = "$(SYSTEM_LIBRARY_DIR)/Frameworks/Cocoa.framework/Headers/Cocoa.h";
				INFOPLIST_FILE = "TestWatcher-Info.plist";
				INSTALL_PATH = "$(USER_LIBRARY_DIR)/Bundles";
				OTHER_LDFLAGS = (
					"-framework",
					Cocoa,
					"-framework",
					SenTestingKit,
				);
				PREBINDING = NO;
				PRODUCT_NAME = TestWatcher;
				WRAPPER_EXTENSION = octest;
				ZERO_LINK = NO;
			};
			name = Release;
		};
		1DEB925F08733DCF0010E9CD /* Debug */ = {
			isa = XCBuildConfiguration;
			buildSettings = {
				ALWAYS_SEARCH_USER_PATHS = NO;
				COPY_PHASE_STRIP = NO;
				GCC_DYNAMIC_NO_PIC = NO;
				GCC_ENABLE_FIX_AND_CONTINUE = YES;
				GCC_MODEL_TUNING = G5;
				GCC_OPTIMIZATION_LEVEL = 0;
				GCC_VERSION = com.apple.compilers.llvm.clang.1_0;
				INSTALL_PATH = /usr/local/bin;
				PRODUCT_NAME = Watcher;
				VALID_ARCHS = "i386 x86_64";
			};
			name = Debug;
		};
		1DEB926008733DCF0010E9CD /* Release */ = {
			isa = XCBuildConfiguration;
			buildSettings = {
				ALWAYS_SEARCH_USER_PATHS = NO;
				DEBUG_INFORMATION_FORMAT = "dwarf-with-dsym";
				GCC_MODEL_TUNING = G5;
				INSTALL_PATH = /usr/local/bin;
				PRODUCT_NAME = Watcher;
			};
			name = Release;
		};
		1DEB926308733DCF0010E9CD /* Debug */ = {
			isa = XCBuildConfiguration;
			buildSettings = {
				ARCHS = "$(ARCHS_STANDARD_32_64_BIT)";
				GCC_C_LANGUAGE_STANDARD = gnu99;
				GCC_OPTIMIZATION_LEVEL = 0;
				GCC_WARN_ABOUT_RETURN_TYPE = YES;
				GCC_WARN_UNUSED_VARIABLE = YES;
				ONLY_ACTIVE_ARCH = YES;
				PREBINDING = NO;
				SDKROOT = macosx10.6;
			};
			name = Debug;
		};
		1DEB926408733DCF0010E9CD /* Release */ = {
			isa = XCBuildConfiguration;
			buildSettings = {
				ARCHS = "$(ARCHS_STANDARD_32_64_BIT)";
				GCC_C_LANGUAGE_STANDARD = gnu99;
				GCC_WARN_ABOUT_RETURN_TYPE = YES;
				GCC_WARN_UNUSED_VARIABLE = YES;
				PREBINDING = NO;
				SDKROOT = macosx10.6;
			};
			name = Release;
		};
/* End XCBuildConfiguration section */

/* Begin XCConfigurationList section */
		04E0BE4011E569D600CB855F /* Build configuration list for PBXNativeTarget "TestWatcher" */ = {
			isa = XCConfigurationList;
			buildConfigurations = (
				04E0BE3E11E569D600CB855F /* Debug */,
				04E0BE3F11E569D600CB855F /* Release */,
			);
			defaultConfigurationIsVisible = 0;
			defaultConfigurationName = Release;
		};
		1DEB925E08733DCF0010E9CD /* Build configuration list for PBXNativeTarget "Watcher" */ = {
			isa = XCConfigurationList;
			buildConfigurations = (
				1DEB925F08733DCF0010E9CD /* Debug */,
				1DEB926008733DCF0010E9CD /* Release */,
			);
			defaultConfigurationIsVisible = 0;
			defaultConfigurationName = Release;
		};
		1DEB926208733DCF0010E9CD /* Build configuration list for PBXProject "Watcher" */ = {
			isa = XCConfigurationList;
			buildConfigurations = (
				1DEB926308733DCF0010E9CD /* Debug */,
				1DEB926408733DCF0010E9CD /* Release */,
			);
			defaultConfigurationIsVisible = 0;
			defaultConfigurationName = Release;
		};
/* End XCConfigurationList section */
	};
	rootObject = 08FB7793FE84155DC02AAC07 /* Project object */;
}
